{
  "name": "visual-md-web-assets",
  "version": "0.0.0",
  "lockfileVersion": 3,
  "requires": true,
  "packages": {
    "": {
      "name": "visual-md-web-assets",
      "version": "0.0.0",
      "dependencies": {
        "@mermanjs/web-render": "0.8.0-alpha.5"
      }
    },
    "node_modules/@mermanjs/web-render": {
      "version": "0.8.0-alpha.5",
      "resolved": "https://registry.npmjs.org/@mermanjs/web-render/-/web-render-0.8.0-alpha.5.tgz",
      "integrity": "sha512-4qAalCv/EnHZG1OXMiXoKYBtAtDHEYSqdY7aMbIPCoAmeKB96wxW0twEf6y0z41LgKr8NtPzh3Z5btH9lnICFQ==",
      "license": "MIT OR Apache-2.0"
    }
  }
}
